
Microsoft Visual Studio Solution File, Format Version 12.00
# Visual Studio Version 16
VisualStudioVersion = 16.0.31605.320
MinimumVisualStudioVersion = 10.0.40219.1
Project("{9A19103F-16F7-4668-BE54-9A1E7A4F7556}") = "Demo", "Demo\Demo.csproj", "{17023AE5-8CA3-4AE5-9DB8-24AD839A39A3}"
EndProject
Project("{9A19103F-16F7-4668-BE54-9A1E7A4F7556}") = "Demo.BL", "Demo.BL\Demo.BL.csproj", "{215DC697-3312-4A26-92A4-29148B545786}"
EndProject
Project("{9A19103F-16F7-4668-BE54-9A1E7A4F7556}") = "Demo.DAL", "Demo.DAL\Demo.DAL.csproj", "{755BC639-B63E-4275-9357-7A4BA38F847C}"
EndProject
Global
	GlobalSection(SolutionConfigurationPlatforms) = preSolution
		Debug|Any CPU = Debug|Any CPU
		Release|Any CPU = Release|Any CPU
	EndGlobalSection
	GlobalSection(ProjectConfigurationPlatforms) = postSolution
		{17023AE5-8CA3-4AE5-9DB8-24AD839A39A3}.Debug|Any CPU.ActiveCfg = Debug|Any CPU
		{17023AE5-8CA3-4AE5-9DB8-24AD839A39A3}.Debug|Any CPU.Build.0 = Debug|Any CPU
		{17023AE5-8CA3-4AE5-9DB8-24AD839A39A3}.Release|Any CPU.ActiveCfg = Release|Any CPU
		{17023AE5-8CA3-4AE5-9DB8-24AD839A39A3}.Release|Any CPU.Build.0 = Release|Any CPU
		{215DC697-3312-4A26-92A4-29148B545786}.Debug|Any CPU.ActiveCfg = Debug|Any CPU
		{215DC697-3312-4A26-92A4-29148B545786}.Debug|Any CPU.Build.0 = Debug|Any CPU
		{215DC697-3312-4A26-92A4-29148B545786}.Release|Any CPU.ActiveCfg = Release|Any CPU
		{215DC697-3312-4A26-92A4-29148B545786}.Release|Any CPU.Build.0 = Release|Any CPU
		{755BC639-B63E-4275-9357-7A4BA38F847C}.Debug|Any CPU.ActiveCfg = Debug|Any CPU
		{755BC639-B63E-4275-9357-7A4BA38F847C}.Debug|Any CPU.Build.0 = Debug|Any CPU
		{755BC639-B63E-4275-9357-7A4BA38F847C}.Release|Any CPU.ActiveCfg = Release|Any CPU
		{755BC639-B63E-4275-9357-7A4BA38F847C}.Release|Any CPU.Build.0 = Release|Any CPU
	EndGlobalSection
	GlobalSection(SolutionProperties) = preSolution
		HideSolutionNode = FALSE
	EndGlobalSection
	GlobalSection(ExtensibilityGlobals) = postSolution
		SolutionGuid = {4145B228-F10B-4FD9-B262-C92A4DB1C5EA}
	EndGlobalSection
EndGlobal
